
Microsoft Visual Studio Solution File, Format Version 12.00
# Visual Studio Version 17
VisualStudioVersion = 17.2.32630.192
MinimumVisualStudioVersion = 10.0.40219.1
Project("{FAE04EC0-301F-11D3-BF4B-00C04F79EFBC}") = "BlazorTask.Server", "Server\BlazorTask.Server.csproj", "{3EE57C0F-99DF-4C01-8100-45D753C7C802}"
EndProject
Project("{FAE04EC0-301F-11D3-BF4B-00C04F79EFBC}") = "BlazorTask.Client", "Client\BlazorTask.Client.csproj", "{401A9513-6BA4-4CCA-9C8D-7618D0CF8065}"
EndProject
Project("{FAE04EC0-301F-11D3-BF4B-00C04F79EFBC}") = "BlazorTask.Shared", "Shared\BlazorTask.Shared.csproj", "{81B1E19A-185C-491B-BF54-AD184C411D0F}"
EndProject
Global
	GlobalSection(SolutionConfigurationPlatforms) = preSolution
		Debug|Any CPU = Debug|Any CPU
		Release|Any CPU = Release|Any CPU
	EndGlobalSection
	GlobalSection(ProjectConfigurationPlatforms) = postSolution
		{3EE57C0F-99DF-4C01-8100-45D753C7C802}.Debug|Any CPU.ActiveCfg = Debug|Any CPU
		{3EE57C0F-99DF-4C01-8100-45D753C7C802}.Debug|Any CPU.Build.0 = Debug|Any CPU
		{3EE57C0F-99DF-4C01-8100-45D753C7C802}.Release|Any CPU.ActiveCfg = Release|Any CPU
		{3EE57C0F-99DF-4C01-8100-45D753C7C802}.Release|Any CPU.Build.0 = Release|Any CPU
		{401A9513-6BA4-4CCA-9C8D-7618D0CF8065}.Debug|Any CPU.ActiveCfg = Debug|Any CPU
		{401A9513-6BA4-4CCA-9C8D-7618D0CF8065}.Debug|Any CPU.Build.0 = Debug|Any CPU
		{401A9513-6BA4-4CCA-9C8D-7618D0CF8065}.Release|Any CPU.ActiveCfg = Release|Any CPU
		{401A9513-6BA4-4CCA-9C8D-7618D0CF8065}.Release|Any CPU.Build.0 = Release|Any CPU
		{81B1E19A-185C-491B-BF54-AD184C411D0F}.Debug|Any CPU.ActiveCfg = Debug|Any CPU
		{81B1E19A-185C-491B-BF54-AD184C411D0F}.Debug|Any CPU.Build.0 = Debug|Any CPU
		{81B1E19A-185C-491B-BF54-AD184C411D0F}.Release|Any CPU.ActiveCfg = Release|Any CPU
		{81B1E19A-185C-491B-BF54-AD184C411D0F}.Release|Any CPU.Build.0 = Release|Any CPU
	EndGlobalSection
	GlobalSection(SolutionProperties) = preSolution
		HideSolutionNode = FALSE
	EndGlobalSection
	GlobalSection(ExtensibilityGlobals) = postSolution
		SolutionGuid = {C2D02C50-807C-4041-8D04-5298B2587BEC}
	EndGlobalSection
EndGlobal
